{
  "version": 4,
  "terraform_version": "1.7.5",
  "serial": 39,
  "lineage": "dfde8747-c3aa-a344-74f0-7a7367891f6d",
  "outputs": {},
  "resources": [
    {
      "mode": "managed",
      "type": "google_compute_network",
      "name": "vpc",
      "provider": "provider[\"registry.terraform.io/hashicorp/google\"]",
      "instances": [
        {
          "schema_version": 0,
          "attributes": {
            "auto_create_subnetworks": false,
            "delete_default_routes_on_create": false,
            "description": "",
            "gateway_ipv4": "",
            "id": "projects/friendly-block-418720/global/networks/friendly-block-418720-vpc",
            "mtu": 0,
            "name": "friendly-block-418720-vpc",
            "project": "friendly-block-418720",
            "routing_mode": "REGIONAL",
            "self_link": "https://www.googleapis.com/compute/v1/projects/friendly-block-418720/global/networks/friendly-block-418720-vpc",
            "timeouts": null
          },
          "sensitive_attributes": [],
          "private": "eyJlMmJmYjczMC1lY2FhLTExZTYtOGY4OC0zNDM2M2JjN2M0YzAiOnsiY3JlYXRlIjoyNDAwMDAwMDAwMDAsImRlbGV0ZSI6MjQwMDAwMDAwMDAwLCJ1cGRhdGUiOjI0MDAwMDAwMDAwMH19"
        }
      ]
    },
    {
      "mode": "managed",
      "type": "google_compute_subnetwork",
      "name": "subnet",
      "provider": "provider[\"registry.terraform.io/hashicorp/google\"]",
      "instances": [
        {
          "schema_version": 0,
          "attributes": {
            "creation_timestamp": "2024-05-25T08:44:58.929-07:00",
            "description": "",
            "fingerprint": null,
            "gateway_address": "10.0.0.1",
            "id": "projects/friendly-block-418720/regions/us-central1/subnetworks/friendly-block-418720-subnet-us-central1",
            "ip_cidr_range": "10.0.0.0/20",
            "log_config": [],
            "name": "friendly-block-418720-subnet-us-central1",
            "network": "https://www.googleapis.com/compute/v1/projects/friendly-block-418720/global/networks/friendly-block-418720-vpc",
            "private_ip_google_access": false,
            "private_ipv6_google_access": "DISABLE_GOOGLE_ACCESS",
            "project": "friendly-block-418720",
            "region": "us-central1",
            "secondary_ip_range": [
              {
                "ip_cidr_range": "10.232.16.0/20",
                "range_name": "gke-k8s-hr-staging-services-3b54e6b7"
              },
              {
                "ip_cidr_range": "10.228.0.0/14",
                "range_name": "gke-k8s-hr-staging-pods-3b54e6b7"
              }
            ],
            "self_link": "https://www.googleapis.com/compute/v1/projects/friendly-block-418720/regions/us-central1/subnetworks/friendly-block-418720-subnet-us-central1",
            "timeouts": null
          },
          "sensitive_attributes": [],
          "private": "eyJlMmJmYjczMC1lY2FhLTExZTYtOGY4OC0zNDM2M2JjN2M0YzAiOnsiY3JlYXRlIjozNjAwMDAwMDAwMDAsImRlbGV0ZSI6MzYwMDAwMDAwMDAwLCJ1cGRhdGUiOjM2MDAwMDAwMDAwMH19",
          "dependencies": [
            "google_compute_network.vpc"
          ]
        }
      ]
    },
    {
      "mode": "managed",
      "type": "google_container_cluster",
      "name": "gke",
      "provider": "provider[\"registry.terraform.io/hashicorp/google\"]",
      "instances": [
        {
          "schema_version": 1,
          "attributes": {
            "addons_config": [
              {
                "cloudrun_config": [],
                "horizontal_pod_autoscaling": [],
                "http_load_balancing": [],
                "network_policy_config": [
                  {
                    "disabled": true
                  }
                ]
              }
            ],
            "authenticator_groups_config": [],
            "cluster_autoscaling": [
              {
                "auto_provisioning_defaults": [],
                "enabled": false,
                "resource_limits": []
              }
            ],
            "cluster_ipv4_cidr": "10.228.0.0/14",
            "database_encryption": [
              {
                "key_name": "",
                "state": "DECRYPTED"
              }
            ],
            "datapath_provider": "",
            "default_max_pods_per_node": 110,
            "default_snat_status": [
              {
                "disabled": false
              }
            ],
            "description": "",
            "enable_autopilot": false,
            "enable_binary_authorization": false,
            "enable_intranode_visibility": false,
            "enable_kubernetes_alpha": false,
            "enable_legacy_abac": false,
            "enable_shielded_nodes": false,
            "enable_tpu": false,
            "endpoint": "34.41.199.113",
            "id": "projects/friendly-block-418720/locations/us-central1/clusters/k8s-hr-staging",
            "initial_node_count": 1,
            "instance_group_urls": [],
            "ip_allocation_policy": [
              {
                "cluster_ipv4_cidr_block": "10.228.0.0/14",
                "cluster_secondary_range_name": "gke-k8s-hr-staging-pods-3b54e6b7",
                "services_ipv4_cidr_block": "10.232.16.0/20",
                "services_secondary_range_name": "gke-k8s-hr-staging-services-3b54e6b7"
              }
            ],
            "label_fingerprint": "a9dc16a7",
            "location": "us-central1",
            "logging_service": "logging.googleapis.com/kubernetes",
            "maintenance_policy": [],
            "master_auth": [
              {
                "client_certificate": "",
                "client_certificate_config": [
                  {
                    "issue_client_certificate": false
                  }
                ],
                "client_key": "",
                "cluster_ca_certificate": "LS0tLS1CRUdJTiBDRVJUSUZJQ0FURS0tLS0tCk1JSUVMRENDQXBTZ0F3SUJBZ0lRRnptSTRZUjJUaXJhZFpwdVdudDNkVEFOQmdrcWhraUc5dzBCQVFzRkFEQXYKTVMwd0t3WURWUVFERXlRM09UazBNR0k1TWkweU5XRTBMVFJtTm1FdFltRmxOUzFrWVRWaE9USmpOMlppWlRNdwpJQmNOTWpRd05USTFNVFEwTlRFMFdoZ1BNakExTkRBMU1UZ3hOVFExTVRSYU1DOHhMVEFyQmdOVkJBTVRKRGM1Ck9UUXdZamt5TFRJMVlUUXROR1kyWVMxaVlXVTFMV1JoTldFNU1tTTNabUpsTXpDQ0FhSXdEUVlKS29aSWh2Y04KQVFFQkJRQURnZ0dQQURDQ0FZb0NnZ0dCQUovbTNEMDIwTE5NMGVxTy9BRXJ0Qm1DclNnYURudkc0Y2dEQTRGagorVnFFdTZyaWIzOERoZmRtQ3BxTUJDZjVrbEpBMjZITjY4NDdZZ0lPNld2TUpINzBuS1lTYnlaWGVraU9rM0krCllKbVNlU2ZVaFBwZzVndk5BWXhBbDQ2K1RKcmVZSzUvRStUT0NlMWc0OEtoV2QrQ21DczlscUVRZzdrQmZhRFYKM0RLOVE3ZERTZlJaQ2NKbGZEWVYxS3ZEK0JjMThZNVA5NUx6VXE1QkhZZ0FMVjNDc1FhcWp3M2RDaGZjbW5iMwpnNDV5VFN6WVVyQWFKQnhxRnI2YmRBN0tjNTc3aUVJUXZobHV4VGFtbUNFeUJ4TmEvWE1uTmhqdzZSS1MwMWVwCktKUGZuNkw3L0xhRWo0a0MvT0dvNzVzYnVYaGNRVTRKQ2JUdjBrOWhEU21qY2ZxYkMyK3pabTBBT2lRdXdqTVIKVlcwRDdpbHI5RllSUlBsVU1PRFVRNjFuampDWUwrL2o3Zi9DeGliU0YxUXN5aDc3Y1BQMWtNT0tjTWNSc3RtQQpzOWJtRmhkM3dGWHZHdEt4U1I4L29yM1BDckhxYnFzM1FjeE1sNVpVRHRrY2xwR3dvakNuekhWdEN4L0NzWktPCi9uRUVSbWRhcTZXaGFnSVZNSCtMSEszZEdRSURBUUFCbzBJd1FEQU9CZ05WSFE4QkFmOEVCQU1DQWdRd0R3WUQKVlIwVEFRSC9CQVV3QXdFQi96QWRCZ05WSFE0RUZnUVVnZlBPRytHT2xhQm5tSExnWTZVQkROQ1Z0Z2d3RFFZSgpLb1pJaHZjTkFRRUxCUUFEZ2dHQkFGY0xRMmRldW4rNFFqUXlDUW9VSUhhV3lOSVUyV3FlVUZ3aXJYNFdPME1QCjM1LzdmRkJsUitGQUVEVnRsYzdYRGhrc2t4bkVEa0NKdE1HVTAvOFpDM0c4R0c4V0FqWUluRDBZNjY1VjdMYWMKNTFsL1Qxb2JGKzZjM3NIeURnTXI2V2JBcENsVUY0OXR2UFJVZk5ONEUvQ3lJUVdVSGVZWVBCeVBUVVFIVnFRNQplUXJhcTlzSWlkNzZnTGkwZEJmMFNPYmRnQW91bGI3OHduR3dmWUZ3dXZpK0hGZmNxWFdZeXJCQlJqdi9zRk9kCjYvQzBYdVVEbWtWME1lYXRlNEpUODUzQUpVR3hUeWJZNms2dHV3L21BNlBVUkJqQldWS2lmbVNzK1R5OFVudU4KamFoRFNrdFV4NkFjblVXOFp4My80ZnAzL0pDODNNZlZ0Tkg4WXJlRnZqbG8yckdjSjEzZEtCV25SQjRicjBrawpFbVF1VWJkS1Zxd3lUbzBxanRvWjVRRjlFY0lJdmU3NTBJQXhLc2ZUamlUWkc4UlgwRm1rWlZwWWs3Y1MrL3hhCm4rTXBDT0NFcFh2MkVTbE43RGVPMlFaOUY5U28rTHBta3lZVlBsK1YzMzlheDE0RDVyOE5TL0wyT3N4UkJ1QXYKYnE2UW5tM3lLNFpJM2cyQXpRUEV2Zz09Ci0tLS0tRU5EIENFUlRJRklDQVRFLS0tLS0K",
                "password": "",
                "username": ""
              }
            ],
            "master_authorized_networks_config": [],
            "master_version": "1.28.8-gke.1095000",
            "min_master_version": null,
            "monitoring_service": "monitoring.googleapis.com/kubernetes",
            "name": "k8s-hr-staging",
            "network": "projects/friendly-block-418720/global/networks/friendly-block-418720-vpc",
            "network_policy": [
              {
                "enabled": false,
                "provider": "PROVIDER_UNSPECIFIED"
              }
            ],
            "networking_mode": "VPC_NATIVE",
            "node_config": [],
            "node_locations": [
              "us-central1-a",
              "us-central1-b",
              "us-central1-c"
            ],
            "node_pool": [],
            "node_version": "1.28.8-gke.1095000",
            "operation": null,
            "pod_security_policy_config": [],
            "private_cluster_config": [
              {
                "enable_private_endpoint": false,
                "enable_private_nodes": false,
                "master_global_access_config": [
                  {
                    "enabled": false
                  }
                ],
                "master_ipv4_cidr_block": "",
                "peering_name": "",
                "private_endpoint": "10.0.0.2",
                "public_endpoint": "34.41.199.113"
              }
            ],
            "private_ipv6_google_access": "",
            "project": "friendly-block-418720",
            "release_channel": [
              {
                "channel": "REGULAR"
              }
            ],
            "remove_default_node_pool": true,
            "resource_labels": {},
            "resource_usage_export_config": [],
            "self_link": "https://container.googleapis.com/v1beta1/projects/friendly-block-418720/locations/us-central1/clusters/k8s-hr-staging",
            "services_ipv4_cidr": "10.232.16.0/20",
            "subnetwork": "projects/friendly-block-418720/regions/us-central1/subnetworks/friendly-block-418720-subnet-us-central1",
            "timeouts": null,
            "tpu_ipv4_cidr_block": "",
            "vertical_pod_autoscaling": [],
            "workload_identity_config": []
          },
          "sensitive_attributes": [],
          "private": "eyJlMmJmYjczMC1lY2FhLTExZTYtOGY4OC0zNDM2M2JjN2M0YzAiOnsiY3JlYXRlIjoyNDAwMDAwMDAwMDAwLCJkZWxldGUiOjI0MDAwMDAwMDAwMDAsInJlYWQiOjI0MDAwMDAwMDAwMDAsInVwZGF0ZSI6MzYwMDAwMDAwMDAwMH0sInNjaGVtYV92ZXJzaW9uIjoiMSJ9",
          "dependencies": [
            "google_compute_network.vpc",
            "google_compute_subnetwork.subnet"
          ]
        }
      ]
    },
    {
      "mode": "managed",
      "type": "google_container_node_pool",
      "name": "nodepool",
      "provider": "provider[\"registry.terraform.io/hashicorp/google\"]",
      "instances": [
        {
          "schema_version": 1,
          "attributes": {
            "autoscaling": [],
            "cluster": "k8s-hr-staging",
            "id": "projects/friendly-block-418720/locations/us-central1/clusters/k8s-hr-staging/nodePools/k8s-hr-staging-nodepool",
            "initial_node_count": 1,
            "instance_group_urls": [
              "https://www.googleapis.com/compute/v1/projects/friendly-block-418720/zones/us-central1-c/instanceGroupManagers/gke-k8s-hr-staging-k8s-hr-staging-nod-90629dfb-grp",
              "https://www.googleapis.com/compute/v1/projects/friendly-block-418720/zones/us-central1-b/instanceGroupManagers/gke-k8s-hr-staging-k8s-hr-staging-nod-7cfb6762-grp",
              "https://www.googleapis.com/compute/v1/projects/friendly-block-418720/zones/us-central1-a/instanceGroupManagers/gke-k8s-hr-staging-k8s-hr-staging-nod-a828bb49-grp"
            ],
            "location": "us-central1",
            "management": [
              {
                "auto_repair": true,
                "auto_upgrade": true
              }
            ],
            "max_pods_per_node": 110,
            "name": "k8s-hr-staging-nodepool",
            "name_prefix": "",
            "node_config": [
              {
                "disk_size_gb": 100,
                "disk_type": "pd-balanced",
                "guest_accelerator": [],
                "image_type": "COS_CONTAINERD",
                "labels": {},
                "local_ssd_count": 0,
                "machine_type": "e2-micro",
                "metadata": {
                  "disable-legacy-endpoints": "true"
                },
                "min_cpu_platform": "",
                "oauth_scopes": [
                  "https://www.googleapis.com/auth/cloud-platform"
                ],
                "preemptible": false,
                "service_account": "default",
                "shielded_instance_config": [
                  {
                    "enable_integrity_monitoring": true,
                    "enable_secure_boot": false
                  }
                ],
                "tags": null,
                "taint": [],
                "workload_metadata_config": []
              }
            ],
            "node_count": 1,
            "node_locations": [
              "us-central1-a",
              "us-central1-b",
              "us-central1-c"
            ],
            "operation": null,
            "project": "friendly-block-418720",
            "timeouts": null,
            "upgrade_settings": [
              {
                "max_surge": 1,
                "max_unavailable": 0
              }
            ],
            "version": "1.28.8-gke.1095000"
          },
          "sensitive_attributes": [],
          "private": "eyJlMmJmYjczMC1lY2FhLTExZTYtOGY4OC0zNDM2M2JjN2M0YzAiOnsiY3JlYXRlIjoxODAwMDAwMDAwMDAwLCJkZWxldGUiOjE4MDAwMDAwMDAwMDAsInVwZGF0ZSI6MTgwMDAwMDAwMDAwMH0sInNjaGVtYV92ZXJzaW9uIjoiMSJ9",
          "dependencies": [
            "google_compute_network.vpc",
            "google_compute_subnetwork.subnet",
            "google_container_cluster.gke"
          ]
        }
      ]
    },
    {
      "mode": "managed",
      "type": "google_redis_instance",
      "name": "redis",
      "provider": "provider[\"registry.terraform.io/hashicorp/google\"]",
      "instances": [
        {
          "schema_version": 0,
          "attributes": {
            "alternative_location_id": "",
            "auth_enabled": false,
            "auth_string": "",
            "authorized_network": "projects/friendly-block-418720/global/networks/friendly-block-418720-vpc",
            "connect_mode": "DIRECT_PEERING",
            "create_time": "2024-05-25T15:44:58.566411897Z",
            "current_location_id": "us-central1-b",
            "display_name": "",
            "host": "10.183.255.155",
            "id": "projects/friendly-block-418720/locations/us-central1/instances/my-redis-hr-staging",
            "labels": {},
            "location_id": "us-central1-b",
            "memory_size_gb": 1,
            "name": "my-redis-hr-staging",
            "persistence_iam_identity": "serviceAccount:service-594347343325@cloud-redis.iam.gserviceaccount.com",
            "port": 6379,
            "project": "friendly-block-418720",
            "redis_configs": {},
            "redis_version": "REDIS_7_0",
            "region": "us-central1",
            "reserved_ip_range": "10.183.255.152/29",
            "tier": "BASIC",
            "timeouts": null
          },
          "sensitive_attributes": [],
          "private": "eyJlMmJmYjczMC1lY2FhLTExZTYtOGY4OC0zNDM2M2JjN2M0YzAiOnsiY3JlYXRlIjo2MDAwMDAwMDAwMDAsImRlbGV0ZSI6NjAwMDAwMDAwMDAwLCJ1cGRhdGUiOjYwMDAwMDAwMDAwMH19",
          "dependencies": [
            "google_compute_network.vpc"
          ]
        }
      ]
    },
    {
      "mode": "managed",
      "type": "google_storage_bucket",
      "name": "bucket1",
      "provider": "provider[\"registry.terraform.io/hashicorp/google\"]",
      "instances": [
        {
          "schema_version": 0,
          "attributes": {
            "bucket_policy_only": true,
            "cors": [],
            "default_event_based_hold": false,
            "encryption": [],
            "force_destroy": true,
            "id": "shadrakk-module-bucket-hr-staging",
            "labels": {},
            "lifecycle_rule": [
              {
                "action": [
                  {
                    "storage_class": "REGIONAL",
                    "type": "SetStorageClass"
                  }
                ],
                "condition": [
                  {
                    "age": 3,
                    "created_before": "",
                    "custom_time_before": "",
                    "days_since_custom_time": 0,
                    "days_since_noncurrent_time": 0,
                    "matches_storage_class": [],
                    "noncurrent_time_before": "",
                    "num_newer_versions": 0,
                    "with_state": "ANY"
                  }
                ]
              }
            ],
            "location": "US-CENTRAL1",
            "logging": [],
            "name": "shadrakk-module-bucket-hr-staging",
            "project": "friendly-block-418720",
            "requester_pays": false,
            "retention_policy": [],
            "self_link": "https://www.googleapis.com/storage/v1/b/shadrakk-module-bucket-hr-staging",
            "storage_class": "STANDARD",
            "uniform_bucket_level_access": true,
            "url": "gs://shadrakk-module-bucket-hr-staging",
            "versioning": [
              {
                "enabled": true
              }
            ],
            "website": []
          },
          "sensitive_attributes": [],
          "private": "bnVsbA=="
        }
      ]
    }
  ],
  "check_results": null
}
